<?xml version="1.0" encoding="utf-8"?>
<Project ToolsVersion="4.0" xmlns="http://schemas.microsoft.com/developer/msbuild/2003">
  <ItemGroup>
    <Filter Include="소스 파일">
      <UniqueIdentifier>{4FC737F1-C7A5-4376-A066-2A32D752A2FF}</UniqueIdentifier>
      <Extensions>cpp;c;cc;cxx;def;odl;idl;hpj;bat;asm;asmx</Extensions>
    </Filter>
    <Filter Include="헤더 파일">
      <UniqueIdentifier>{93995380-89BD-4b04-88EB-625FBE52EBFB}</UniqueIdentifier>
      <Extensions>h;hh;hpp;hxx;hm;inl;inc;xsd</Extensions>
    </Filter>
    <Filter Include="리소스 파일">
      <UniqueIdentifier>{67DA6AB6-F800-4c08-8B7A-83BB121AAD01}</UniqueIdentifier>
      <Extensions>rc;ico;cur;bmp;dlg;rc2;rct;bin;rgs;gif;jpg;jpeg;jpe;resx;tiff;tif;png;wav;mfcribbon-ms</Extensions>
    </Filter>
  </ItemGroup>
  <ItemGroup>
    <Text Include="ReadMe.txt" />
  </ItemGroup>
  <ItemGroup>
    <ClInclude Include="Qualification_Test.h">
      <Filter>헤더 파일</Filter>
    </ClInclude>
    <ClInclude Include="Qualification_TestDlg.h">
      <Filter>헤더 파일</Filter>
    </ClInclude>
    <ClInclude Include="stdafx.h">
      <Filter>헤더 파일</Filter>
    </ClInclude>
    <ClInclude Include="targetver.h">
      <Filter>헤더 파일</Filter>
    </ClInclude>
    <ClInclude Include="Resource.h">
      <Filter>헤더 파일</Filter>
    </ClInclude>
    <ClInclude Include="..\MFC\VideoProcessing.h">
      <Filter>헤더 파일</Filter>
    </ClInclude>
    <ClInclude Include="..\MFC\PictureControlDraw.h">
      <Filter>헤더 파일</Filter>
    </ClInclude>
    <ClInclude Include="TabDialogBinaryInfo.h">
      <Filter>헤더 파일</Filter>
    </ClInclude>
    <ClInclude Include="..\Source\Common\ImageManagement.h">
      <Filter>헤더 파일</Filter>
    </ClInclude>
    <ClInclude Include="..\Source\Common\Bitmap.h">
      <Filter>헤더 파일</Filter>
    </ClInclude>
    <ClInclude Include="..\Source\Common\Global.h">
      <Filter>헤더 파일</Filter>
    </ClInclude>
    <ClInclude Include="..\Source\PC\Color.h">
      <Filter>헤더 파일</Filter>
    </ClInclude>
    <ClInclude Include="..\Source\PC\Draw.h">
      <Filter>헤더 파일</Filter>
    </ClInclude>
    <ClInclude Include="..\Source\Common\Point.h">
      <Filter>헤더 파일</Filter>
    </ClInclude>
    <ClInclude Include="..\Source\Tracking\Tracking.h">
      <Filter>헤더 파일</Filter>
    </ClInclude>
    <ClInclude Include="..\Source\Recognition\Recognition.h">
      <Filter>헤더 파일</Filter>
    </ClInclude>
    <ClInclude Include="..\Source\PC\Labeling.h">
      <Filter>헤더 파일</Filter>
    </ClInclude>
    <ClInclude Include="..\Source\PC\ImagePixel.h">
      <Filter>헤더 파일</Filter>
    </ClInclude>
    <ClInclude Include="..\Source\PC\Semaphore.h">
      <Filter>헤더 파일</Filter>
    </ClInclude>
  </ItemGroup>
  <ItemGroup>
    <ClCompile Include="Qualification_Test.cpp">
      <Filter>소스 파일</Filter>
    </ClCompile>
    <ClCompile Include="Qualification_TestDlg.cpp">
      <Filter>소스 파일</Filter>
    </ClCompile>
    <ClCompile Include="stdafx.cpp">
      <Filter>소스 파일</Filter>
    </ClCompile>
    <ClCompile Include="..\MFC\VideoProcessing.cpp">
      <Filter>소스 파일</Filter>
    </ClCompile>
    <ClCompile Include="..\MFC\PictureControlDraw.cpp">
      <Filter>소스 파일</Filter>
    </ClCompile>
    <ClCompile Include="TabDialogBinaryInfo.cpp">
      <Filter>소스 파일</Filter>
    </ClCompile>
    <ClCompile Include="..\Source\Common\ImageManagement.c">
      <Filter>소스 파일</Filter>
    </ClCompile>
    <ClCompile Include="..\Source\Common\Bitmap.c">
      <Filter>소스 파일</Filter>
    </ClCompile>
    <ClCompile Include="..\Source\PC\Color.c">
      <Filter>소스 파일</Filter>
    </ClCompile>
    <ClCompile Include="..\Source\PC\Draw.c">
      <Filter>소스 파일</Filter>
    </ClCompile>
    <ClCompile Include="..\Source\Tracking\Tracking.cpp">
      <Filter>소스 파일</Filter>
    </ClCompile>
    <ClCompile Include="..\Source\Recognition\Recognition.cpp">
      <Filter>소스 파일</Filter>
    </ClCompile>
    <ClCompile Include="..\Source\PC\Labeling.c">
      <Filter>소스 파일</Filter>
    </ClCompile>
    <ClCompile Include="..\Source\PC\ImagePixel.c">
      <Filter>소스 파일</Filter>
    </ClCompile>
    <ClCompile Include="..\Source\PC\Semaphore.cpp">
      <Filter>소스 파일</Filter>
    </ClCompile>
  </ItemGroup>
  <ItemGroup>
    <ResourceCompile Include="Qualification_Test.rc">
      <Filter>리소스 파일</Filter>
    </ResourceCompile>
  </ItemGroup>
  <ItemGroup>
    <None Include="res\Qualification_Test.rc2">
      <Filter>리소스 파일</Filter>
    </None>
  </ItemGroup>
  <ItemGroup>
    <Image Include="res\Qualification_Test.ico">
      <Filter>리소스 파일</Filter>
    </Image>
  </ItemGroup>
</Project>